
Microsoft Visual Studio Solution File, Format Version 12.00
# Visual Studio Version 16
VisualStudioVersion = 16.0.31702.278
MinimumVisualStudioVersion = 10.0.40219.1
Project("{2150E333-8FDC-42A3-9474-1A3956D46DE8}") = "Services", "Services", "{951C3F62-CF4F-48FA-B43E-911845F773A3}"
EndProject
Project("{2150E333-8FDC-42A3-9474-1A3956D46DE8}") = "Catalog", "Catalog", "{9C12DBA5-087B-46D6-A6AA-27E2071715E7}"
EndProject
Project("{FAE04EC0-301F-11D3-BF4B-00C04F79EFBC}") = "Catalog.API", "Sevices\Catalog\Catalog.API\Catalog.API.csproj", "{D64D396A-EBD3-4A92-8F5B-4465FB9600B9}"
EndProject
Global
	GlobalSection(SolutionConfigurationPlatforms) = preSolution
		Debug|Any CPU = Debug|Any CPU
		Release|Any CPU = Release|Any CPU
	EndGlobalSection
	GlobalSection(ProjectConfigurationPlatforms) = postSolution
		{D64D396A-EBD3-4A92-8F5B-4465FB9600B9}.Debug|Any CPU.ActiveCfg = Debug|Any CPU
		{D64D396A-EBD3-4A92-8F5B-4465FB9600B9}.Debug|Any CPU.Build.0 = Debug|Any CPU
		{D64D396A-EBD3-4A92-8F5B-4465FB9600B9}.Release|Any CPU.ActiveCfg = Release|Any CPU
		{D64D396A-EBD3-4A92-8F5B-4465FB9600B9}.Release|Any CPU.Build.0 = Release|Any CPU
	EndGlobalSection
	GlobalSection(SolutionProperties) = preSolution
		HideSolutionNode = FALSE
	EndGlobalSection
	GlobalSection(NestedProjects) = preSolution
		{9C12DBA5-087B-46D6-A6AA-27E2071715E7} = {951C3F62-CF4F-48FA-B43E-911845F773A3}
		{D64D396A-EBD3-4A92-8F5B-4465FB9600B9} = {9C12DBA5-087B-46D6-A6AA-27E2071715E7}
	EndGlobalSection
	GlobalSection(ExtensibilityGlobals) = postSolution
		SolutionGuid = {3FF62EF5-8583-460F-AF5C-73081C76A74D}
	EndGlobalSection
EndGlobal
